
Microsoft Visual Studio Solution File, Format Version 12.00
# Visual Studio Version 17
VisualStudioVersion = 17.5.33530.505
MinimumVisualStudioVersion = 10.0.40219.1
Project("{9A19103F-16F7-4668-BE54-9A1E7A4F7556}") = "CalculadoraCientifica", "CalculadoraCientifica\CalculadoraCientifica.csproj", "{44EF8356-E864-480B-A216-D1DE2F25729E}"
EndProject
Global
	GlobalSection(SolutionConfigurationPlatforms) = preSolution
		Debug|Any CPU = Debug|Any CPU
		Release|Any CPU = Release|Any CPU
	EndGlobalSection
	GlobalSection(ProjectConfigurationPlatforms) = postSolution
		{44EF8356-E864-480B-A216-D1DE2F25729E}.Debug|Any CPU.ActiveCfg = Debug|Any CPU
		{44EF8356-E864-480B-A216-D1DE2F25729E}.Debug|Any CPU.Build.0 = Debug|Any CPU
		{44EF8356-E864-480B-A216-D1DE2F25729E}.Release|Any CPU.ActiveCfg = Release|Any CPU
		{44EF8356-E864-480B-A216-D1DE2F25729E}.Release|Any CPU.Build.0 = Release|Any CPU
	EndGlobalSection
	GlobalSection(SolutionProperties) = preSolution
		HideSolutionNode = FALSE
	EndGlobalSection
	GlobalSection(ExtensibilityGlobals) = postSolution
		SolutionGuid = {935CC786-02D3-43D4-B190-F1A6E308C8E5}
	EndGlobalSection
EndGlobal
