{
  "name": "CalculadoraCientifica",
  "lockfileVersion": 3,
  "requires": true,
  "packages": {
    "": {
      "dependencies": {
        "bootstrap": "^5.2.3",
        "jquery": "^3.6.4",
        "jquery-validation": "^1.19.5",
        "jquery-validation-unobtrusive": "^4.0.0",
        "mathjs": "^11.8.0"
      }
    },
    "node_modules/@babel/runtime": {
      "version": "7.21.5",
      "resolved": "https://registry.npmjs.org/@babel/runtime/-/runtime-7.21.5.tgz",
      "integrity": "sha512-8jI69toZqqcsnqGGqwGS4Qb1VwLOEp4hz+CXPywcvjs60u3B4Pom/U/7rm4W8tMOYEB+E9wgD0mW1l3r8qlI9Q==",
      "dependencies": {
        "regenerator-runtime": "^0.13.11"
      },
      "engines": {
        "node": ">=6.9.0"
      }
    },
    "node_modules/@popperjs/core": {
      "version": "2.11.7",
      "resolved": "https://registry.npmjs.org/@popperjs/core/-/core-2.11.7.tgz",
      "integrity": "sha512-Cr4OjIkipTtcXKjAsm8agyleBuDHvxzeBoa1v543lbv1YaIwQjESsVcmjiWiPEbC1FIeHOG/Op9kdCmAmiS3Kw==",
      "peer": true,
      "funding": {
        "type": "opencollective",
        "url": "https://opencollective.com/popperjs"
      }
    },
    "node_modules/bootstrap": {
      "version": "5.2.3",
      "resolved": "https://registry.npmjs.org/bootstrap/-/bootstrap-5.2.3.tgz",
      "integrity": "sha512-cEKPM+fwb3cT8NzQZYEu4HilJ3anCrWqh3CHAok1p9jXqMPsPTBhU25fBckEJHJ/p+tTxTFTsFQGM+gaHpi3QQ==",
      "funding": [
        {
          "type": "github",
          "url": "https://github.com/sponsors/twbs"
        },
        {
          "type": "opencollective",
          "url": "https://opencollective.com/bootstrap"
        }
      ],
      "peerDependencies": {
        "@popperjs/core": "^2.11.6"
      }
    },
    "node_modules/complex.js": {
      "version": "2.1.1",
      "resolved": "https://registry.npmjs.org/complex.js/-/complex.js-2.1.1.tgz",
      "integrity": "sha512-8njCHOTtFFLtegk6zQo0kkVX1rngygb/KQI6z1qZxlFI3scluC+LVTCFbrkWjBv4vvLlbQ9t88IPMC6k95VTTg==",
      "engines": {
        "node": "*"
      },
      "funding": {
        "type": "patreon",
        "url": "https://www.patreon.com/infusion"
      }
    },
    "node_modules/decimal.js": {
      "version": "10.4.3",
      "resolved": "https://registry.npmjs.org/decimal.js/-/decimal.js-10.4.3.tgz",
      "integrity": "sha512-VBBaLc1MgL5XpzgIP7ny5Z6Nx3UrRkIViUkPUdtl9aya5amy3De1gsUUSB1g3+3sExYNjCAsAznmukyxCb1GRA=="
    },
    "node_modules/escape-latex": {
      "version": "1.2.0",
      "resolved": "https://registry.npmjs.org/escape-latex/-/escape-latex-1.2.0.tgz",
      "integrity": "sha512-nV5aVWW1K0wEiUIEdZ4erkGGH8mDxGyxSeqPzRNtWP7ataw+/olFObw7hujFWlVjNsaDFw5VZ5NzVSIqRgfTiw=="
    },
    "node_modules/fraction.js": {
      "version": "4.2.0",
      "resolved": "https://registry.npmjs.org/fraction.js/-/fraction.js-4.2.0.tgz",
      "integrity": "sha512-MhLuK+2gUcnZe8ZHlaaINnQLl0xRIGRfcGk2yl8xoQAfHrSsL3rYu6FCmBdkdbhc9EPlwyGHewaRsvwRMJtAlA==",
      "engines": {
        "node": "*"
      },
      "funding": {
        "type": "patreon",
        "url": "https://www.patreon.com/infusion"
      }
    },
    "node_modules/javascript-natural-sort": {
      "version": "0.7.1",
      "resolved": "https://registry.npmjs.org/javascript-natural-sort/-/javascript-natural-sort-0.7.1.tgz",
      "integrity": "sha512-nO6jcEfZWQXDhOiBtG2KvKyEptz7RVbpGP4vTD2hLBdmNQSsCiicO2Ioinv6UI4y9ukqnBpy+XZ9H6uLNgJTlw=="
    },
    "node_modules/jquery": {
      "version": "3.6.4",
      "resolved": "https://registry.npmjs.org/jquery/-/jquery-3.6.4.tgz",
      "integrity": "sha512-v28EW9DWDFpzcD9O5iyJXg3R3+q+mET5JhnjJzQUZMHOv67bpSIHq81GEYpPNZHG+XXHsfSme3nxp/hndKEcsQ=="
    },
    "node_modules/jquery-validation": {
      "version": "1.19.5",
      "resolved": "https://registry.npmjs.org/jquery-validation/-/jquery-validation-1.19.5.tgz",
      "integrity": "sha512-X2SmnPq1mRiDecVYL8edWx+yTBZDyC8ohWXFhXdtqFHgU9Wd4KHkvcbCoIZ0JaSaumzS8s2gXSkP8F7ivg/8ZQ==",
      "peerDependencies": {
        "jquery": "^1.7 || ^2.0 || ^3.1"
      }
    },
    "node_modules/jquery-validation-unobtrusive": {
      "version": "4.0.0",
      "resolved": "https://registry.npmjs.org/jquery-validation-unobtrusive/-/jquery-validation-unobtrusive-4.0.0.tgz",
      "integrity": "sha512-1ervYFFv6LX/rp7ktuLnMakHNG0piNRDyROI8Ir3hL1vPIwylAehB1AY3BPrYJnzW3WmwWryZq+Bz4sazZK9iQ==",
      "dependencies": {
        "jquery": "^3.6.0",
        "jquery-validation": ">=1.19"
      }
    },
    "node_modules/mathjs": {
      "version": "11.8.0",
      "resolved": "https://registry.npmjs.org/mathjs/-/mathjs-11.8.0.tgz",
      "integrity": "sha512-I7r8HCoqUGyEiHQdeOCF2m2k9N+tcOHO3cZQ3tyJkMMBQMFqMR7dMQEboBMJAiFW2Um3PEItGPwcOc4P6KRqwg==",
      "dependencies": {
        "@babel/runtime": "^7.21.0",
        "complex.js": "^2.1.1",
        "decimal.js": "^10.4.3",
        "escape-latex": "^1.2.0",
        "fraction.js": "^4.2.0",
        "javascript-natural-sort": "^0.7.1",
        "seedrandom": "^3.0.5",
        "tiny-emitter": "^2.1.0",
        "typed-function": "^4.1.0"
      },
      "bin": {
        "mathjs": "bin/cli.js"
      },
      "engines": {
        "node": ">= 14"
      }
    },
    "node_modules/regenerator-runtime": {
      "version": "0.13.11",
      "resolved": "https://registry.npmjs.org/regenerator-runtime/-/regenerator-runtime-0.13.11.tgz",
      "integrity": "sha512-kY1AZVr2Ra+t+piVaJ4gxaFaReZVH40AKNo7UCX6W+dEwBo/2oZJzqfuN1qLq1oL45o56cPaTXELwrTh8Fpggg=="
    },
    "node_modules/seedrandom": {
      "version": "3.0.5",
      "resolved": "https://registry.npmjs.org/seedrandom/-/seedrandom-3.0.5.tgz",
      "integrity": "sha512-8OwmbklUNzwezjGInmZ+2clQmExQPvomqjL7LFqOYqtmuxRgQYqOD3mHaU+MvZn5FLUeVxVfQjwLZW/n/JFuqg=="
    },
    "node_modules/tiny-emitter": {
      "version": "2.1.0",
      "resolved": "https://registry.npmjs.org/tiny-emitter/-/tiny-emitter-2.1.0.tgz",
      "integrity": "sha512-NB6Dk1A9xgQPMoGqC5CVXn123gWyte215ONT5Pp5a0yt4nlEoO1ZWeCwpncaekPHXO60i47ihFnZPiRPjRMq4Q=="
    },
    "node_modules/typed-function": {
      "version": "4.1.0",
      "resolved": "https://registry.npmjs.org/typed-function/-/typed-function-4.1.0.tgz",
      "integrity": "sha512-DGwUl6cioBW5gw2L+6SMupGwH/kZOqivy17E4nsh1JI9fKF87orMmlQx3KISQPmg3sfnOUGlwVkroosvgddrlg==",
      "engines": {
        "node": ">= 14"
      }
    }
  }
}
